{
  "originHash" : "a205381ec288c885166a0b04c7654c3fa3ce56d7de657e89329e248ea98ff273",
  "pins" : [
    {
      "identity" : "swiftui-flow",
      "kind" : "remoteSourceControl",
      "location" : "https://github.com/tevelee/SwiftUI-Flow.git",
      "state" : {
        "revision" : "5fdf6ba33c17b0835db9e9523d9c7d56d9d626c0",
        "version" : "2.3.0"
      }
    }
  ],
  "version" : 3
}
